{
    "_readme": [
        "This file locks the dependencies of your project to a known state",
        "Read more about it at https://getcomposer.org/doc/01-basic-usage.md#composer-lock-the-lock-file",
        "This file is @generated automatically"
    ],
    "hash": "d830fe1a1571ded717c72f40aa3ee94b",
    "content-hash": "3e93534c316ca562aac6b1c6e144f0f3",
    "packages": [
        {
            "name": "q-phalcon/kernel",
            "version": "v0.0.1",
            "source": {
                "type": "git",
                "url": "https://github.com/q-phalcon/kernel.git",
                "reference": "4ab5850b35b31991ad5ed63c23830d6352ed3432"
            },
            "dist": {
                "type": "zip",
                "url": "https://api.github.com/repos/q-phalcon/kernel/zipball/4ab5850b35b31991ad5ed63c23830d6352ed3432",
                "reference": "4ab5850b35b31991ad5ed63c23830d6352ed3432",
                "shasum": ""
            },
            "require": {
                "php": ">=5.6.0"
            },
            "type": "library",
            "autoload": {
                "psr-4": {
                    "Qp\\Kernel\\": ""
                }
            },
            "notification-url": "https://packagist.org/downloads/",
            "license": [
                "MIT"
            ],
            "authors": [
                {
                    "name": "Qvil Young",
                    "email": "qvil_young@163.com",
                    "homepage": "https://github.com/Qvil-Young",
                    "role": "Developer"
                }
            ],
            "description": "The QPhalcon framework's kernel code",
            "homepage": "https://github.com/q-phalcon/kernel",
            "keywords": [
                "QP Framework",
                "QPhalcon",
                "php framework",
                "q-phalcon"
            ],
            "time": "2016-07-08 07:57:31"
        }
    ],
    "packages-dev": [],
    "aliases": [],
    "minimum-stability": "stable",
    "stability-flags": [],
    "prefer-stable": false,
    "prefer-lowest": false,
    "platform": [],
    "platform-dev": []
}
